// !$*UTF8*$!
{
	archiveVersion = 1;
	classes = {
	};
	objectVersion = 46;
	objects = {

/* Begin PBXBuildFile section */
		27938FF01B3C861800346A2D /* CoreLocation.framework in Frameworks */ = {isa = PBXBuildFile; fileRef = 27938FEF1B3C861800346A2D /* CoreLocation.framework */; };
		27938FF21B3C86C000346A2D /* AFNetworking in Resources */ = {isa = PBXBuildFile; fileRef = 27938FF11B3C86C000346A2D /* AFNetworking */; };
		27B6708B1B41AC68002030E8 /* WatchConnectivity.framework in Frameworks */ = {isa = PBXBuildFile; fileRef = 27C95EB31B3A0A3D0067F797 /* WatchConnectivity.framework */; };
		27B6708D1B41AC75002030E8 /* WatchKit.framework in Frameworks */ = {isa = PBXBuildFile; fileRef = 27B6708C1B41AC75002030E8 /* WatchKit.framework */; };
		27B671011B41BCA3002030E8 /* ComplicationController.m in Sources */ = {isa = PBXBuildFile; fileRef = 27B671001B41BCA3002030E8 /* ComplicationController.m */; };
		27B671031B41D4E6002030E8 /* ClockKit.framework in Frameworks */ = {isa = PBXBuildFile; fileRef = 27B671021B41D4E6002030E8 /* ClockKit.framework */; };
		27C95E511B3A03D80067F797 /* main.m in Sources */ = {isa = PBXBuildFile; fileRef = 27C95E501B3A03D80067F797 /* main.m */; };
		27C95E541B3A03D80067F797 /* AppDelegate.m in Sources */ = {isa = PBXBuildFile; fileRef = 27C95E531B3A03D80067F797 /* AppDelegate.m */; };
		27C95E571B3A03D80067F797 /* ViewController.m in Sources */ = {isa = PBXBuildFile; fileRef = 27C95E561B3A03D80067F797 /* ViewController.m */; };
		27C95E5A1B3A03D80067F797 /* Main.storyboard in Resources */ = {isa = PBXBuildFile; fileRef = 27C95E581B3A03D80067F797 /* Main.storyboard */; };
		27C95E5C1B3A03D80067F797 /* Assets.xcassets in Resources */ = {isa = PBXBuildFile; fileRef = 27C95E5B1B3A03D80067F797 /* Assets.xcassets */; };
		27C95E5F1B3A03D80067F797 /* LaunchScreen.storyboard in Resources */ = {isa = PBXBuildFile; fileRef = 27C95E5D1B3A03D80067F797 /* LaunchScreen.storyboard */; };
		27C95E6A1B3A03D80067F797 /* watch2Tests.m in Sources */ = {isa = PBXBuildFile; fileRef = 27C95E691B3A03D80067F797 /* watch2Tests.m */; };
		27C95E751B3A03D80067F797 /* watch2UITests.m in Sources */ = {isa = PBXBuildFile; fileRef = 27C95E741B3A03D80067F797 /* watch2UITests.m */; };
		27C95E7A1B3A03D80067F797 /* watch2 WatchKit App.app in Embed Watch Content */ = {isa = PBXBuildFile; fileRef = 27C95E791B3A03D80067F797 /* watch2 WatchKit App.app */; };
		27C95E801B3A03D80067F797 /* Interface.storyboard in Resources */ = {isa = PBXBuildFile; fileRef = 27C95E7E1B3A03D80067F797 /* Interface.storyboard */; };
		27C95E821B3A03D80067F797 /* Assets.xcassets in Resources */ = {isa = PBXBuildFile; fileRef = 27C95E811B3A03D80067F797 /* Assets.xcassets */; };
		27C95E891B3A03D80067F797 /* watch2 WatchKit Extension.appex in Embed App Extensions */ = {isa = PBXBuildFile; fileRef = 27C95E881B3A03D80067F797 /* watch2 WatchKit Extension.appex */; settings = {ATTRIBUTES = (RemoveHeadersOnCopy, ); }; };
		27C95E911B3A03D80067F797 /* InterfaceController.m in Sources */ = {isa = PBXBuildFile; fileRef = 27C95E901B3A03D80067F797 /* InterfaceController.m */; };
		27C95E941B3A03D80067F797 /* ExtensionDelegate.m in Sources */ = {isa = PBXBuildFile; fileRef = 27C95E931B3A03D80067F797 /* ExtensionDelegate.m */; };
		27C95E971B3A03D80067F797 /* NotificationController.m in Sources */ = {isa = PBXBuildFile; fileRef = 27C95E961B3A03D80067F797 /* NotificationController.m */; };
		27C95E9A1B3A03D80067F797 /* GlanceController.m in Sources */ = {isa = PBXBuildFile; fileRef = 27C95E991B3A03D80067F797 /* GlanceController.m */; };
		27C95E9C1B3A03D80067F797 /* Assets.xcassets in Resources */ = {isa = PBXBuildFile; fileRef = 27C95E9B1B3A03D80067F797 /* Assets.xcassets */; };
		27C95EB21B3A05950067F797 /* cx.jpg in Resources */ = {isa = PBXBuildFile; fileRef = 27C95EB11B3A05950067F797 /* cx.jpg */; };
		27C95EC71B3A1B200067F797 /* publicData.framework in Frameworks */ = {isa = PBXBuildFile; fileRef = 27C95EBD1B3A1B200067F797 /* publicData.framework */; };
		27CA06AB1B45E1E900DEE90A /* CoreData.framework in Frameworks */ = {isa = PBXBuildFile; fileRef = 27CA06AA1B45E1E900DEE90A /* CoreData.framework */; };
		27CA06B11B45E2D600DEE90A /* DataModel.xcdatamodeld in Sources */ = {isa = PBXBuildFile; fileRef = 27CA06AF1B45E2D600DEE90A /* DataModel.xcdatamodeld */; };
		27CA06C01B45E62E00DEE90A /* Entity.m in Sources */ = {isa = PBXBuildFile; fileRef = 27CA06BF1B45E62E00DEE90A /* Entity.m */; };
		27CA06DD1B45FD7A00DEE90A /* MagicalRecord in Resources */ = {isa = PBXBuildFile; fileRef = 27CA06DC1B45FD7A00DEE90A /* MagicalRecord */; };
		27CA06FA1B45FF0F00DEE90A /* MagicalRecord.framework in Frameworks */ = {isa = PBXBuildFile; fileRef = 27CA06EB1B45FEDB00DEE90A /* MagicalRecord.framework */; };
		27E24AFC1B3DCDD10027C499 /* CoreMotion.framework in Frameworks */ = {isa = PBXBuildFile; fileRef = 27E24AFB1B3DCDD10027C499 /* CoreMotion.framework */; };
		27FBC9BF1B3B32A70091BC3E /* watch2 WatchKit App.app in Resources */ = {isa = PBXBuildFile; fileRef = 27C95E791B3A03D80067F797 /* watch2 WatchKit App.app */; };
/* End PBXBuildFile section */

/* Begin PBXContainerItemProxy section */
		27C95E661B3A03D80067F797 /* PBXContainerItemProxy */ = {
			isa = PBXContainerItemProxy;
			containerPortal = 27C95E441B3A03D80067F797 /* Project object */;
			proxyType = 1;
			remoteGlobalIDString = 27C95E4B1B3A03D80067F797;
			remoteInfo = watch2;
		};
		27C95E711B3A03D80067F797 /* PBXContainerItemProxy */ = {
			isa = PBXContainerItemProxy;
			containerPortal = 27C95E441B3A03D80067F797 /* Project object */;
			proxyType = 1;
			remoteGlobalIDString = 27C95E4B1B3A03D80067F797;
			remoteInfo = watch2;
		};
		27C95E7B1B3A03D80067F797 /* PBXContainerItemProxy */ = {
			isa = PBXContainerItemProxy;
			containerPortal = 27C95E441B3A03D80067F797 /* Project object */;
			proxyType = 1;
			remoteGlobalIDString = 27C95E781B3A03D80067F797;
			remoteInfo = "watch2 WatchKit App";
		};
		27C95E8A1B3A03D80067F797 /* PBXContainerItemProxy */ = {
			isa = PBXContainerItemProxy;
			containerPortal = 27C95E441B3A03D80067F797 /* Project object */;
			proxyType = 1;
			remoteGlobalIDString = 27C95E871B3A03D80067F797;
			remoteInfo = "watch2 WatchKit Extension";
		};
		27C95EC81B3A1B200067F797 /* PBXContainerItemProxy */ = {
			isa = PBXContainerItemProxy;
			containerPortal = 27C95E441B3A03D80067F797 /* Project object */;
			proxyType = 1;
			remoteGlobalIDString = 27C95EBC1B3A1B200067F797;
			remoteInfo = publicData;
		};
		27CA06EA1B45FEDB00DEE90A /* PBXContainerItemProxy */ = {
			isa = PBXContainerItemProxy;
			containerPortal = 27CA06DE1B45FEDA00DEE90A /* MagicalRecord.xcodeproj */;
			proxyType = 2;
			remoteGlobalIDString = 905D07181A63DE190076B54E;
			remoteInfo = "MagicalRecord for iOS";
		};
		27CA06EC1B45FEDB00DEE90A /* PBXContainerItemProxy */ = {
			isa = PBXContainerItemProxy;
			containerPortal = 27CA06DE1B45FEDA00DEE90A /* MagicalRecord.xcodeproj */;
			proxyType = 2;
			remoteGlobalIDString = 9004F5211A94CBCF00A61312;
			remoteInfo = "MagicalRecord for iOS Tests";
		};
		27CA06EE1B45FEDB00DEE90A /* PBXContainerItemProxy */ = {
			isa = PBXContainerItemProxy;
			containerPortal = 27CA06DE1B45FEDA00DEE90A /* MagicalRecord.xcodeproj */;
			proxyType = 2;
			remoteGlobalIDString = 905D073B1A63DE690076B54E;
			remoteInfo = "MagicalRecord for OS X";
		};
		27CA06F01B45FEDB00DEE90A /* PBXContainerItemProxy */ = {
			isa = PBXContainerItemProxy;
			containerPortal = 27CA06DE1B45FEDA00DEE90A /* MagicalRecord.xcodeproj */;
			proxyType = 2;
			remoteGlobalIDString = 9004F5661A94CBF900A61312;
			remoteInfo = "MagicalRecord for OS X Tests";
		};
		27CA06F21B45FEDB00DEE90A /* PBXContainerItemProxy */ = {
			isa = PBXContainerItemProxy;
			containerPortal = 27CA06DE1B45FEDA00DEE90A /* MagicalRecord.xcodeproj */;
			proxyType = 2;
			remoteGlobalIDString = C7CF97AB17498414008D9D13;
			remoteInfo = "libMagicalRecord for iOS";
		};
		27CA06F41B45FEDB00DEE90A /* PBXContainerItemProxy */ = {
			isa = PBXContainerItemProxy;
			containerPortal = 27CA06DE1B45FEDA00DEE90A /* MagicalRecord.xcodeproj */;
			proxyType = 2;
			remoteGlobalIDString = C7CF97FF174984CA008D9D13;
			remoteInfo = "libMagicalRecord for iOS Tests";
		};
		27CA06F61B45FEDB00DEE90A /* PBXContainerItemProxy */ = {
			isa = PBXContainerItemProxy;
			containerPortal = 27CA06DE1B45FEDA00DEE90A /* MagicalRecord.xcodeproj */;
			proxyType = 2;
			remoteGlobalIDString = C7CF97BB1749843F008D9D13;
			remoteInfo = "libMagicalRecord for OS X";
		};
		27CA06F81B45FEDB00DEE90A /* PBXContainerItemProxy */ = {
			isa = PBXContainerItemProxy;
			containerPortal = 27CA06DE1B45FEDA00DEE90A /* MagicalRecord.xcodeproj */;
			proxyType = 2;
			remoteGlobalIDString = C7CF9816174984E4008D9D13;
			remoteInfo = "libMagicalRecord for OS X Tests";
		};
/* End PBXContainerItemProxy section */

/* Begin PBXCopyFilesBuildPhase section */
		27C95EA31B3A03D80067F797 /* Embed App Extensions */ = {
			isa = PBXCopyFilesBuildPhase;
			buildActionMask = 2147483647;
			dstPath = "";
			dstSubfolderSpec = 13;
			files = (
				27C95E891B3A03D80067F797 /* watch2 WatchKit Extension.appex in Embed App Extensions */,
			);
			name = "Embed App Extensions";
			runOnlyForDeploymentPostprocessing = 0;
		};
		27C95EA71B3A03D80067F797 /* Embed Watch Content */ = {
			isa = PBXCopyFilesBuildPhase;
			buildActionMask = 2147483647;
			dstPath = "$(CONTENTS_FOLDER_PATH)/Watch";
			dstSubfolderSpec = 16;
			files = (
				27C95E7A1B3A03D80067F797 /* watch2 WatchKit App.app in Embed Watch Content */,
			);
			name = "Embed Watch Content";
			runOnlyForDeploymentPostprocessing = 0;
		};
/* End PBXCopyFilesBuildPhase section */

/* Begin PBXFileReference section */
		27938FED1B3C859400346A2D /* CoreLocation.framework */ = {isa = PBXFileReference; lastKnownFileType = wrapper.framework; name = CoreLocation.framework; path = Platforms/WatchOS.platform/Developer/SDKs/WatchOS2.0.sdk/System/Library/Frameworks/CoreLocation.framework; sourceTree = DEVELOPER_DIR; };
		27938FEF1B3C861800346A2D /* CoreLocation.framework */ = {isa = PBXFileReference; lastKnownFileType = wrapper.framework; name = CoreLocation.framework; path = System/Library/Frameworks/CoreLocation.framework; sourceTree = SDKROOT; };
		27938FF11B3C86C000346A2D /* AFNetworking */ = {isa = PBXFileReference; lastKnownFileType = folder; name = AFNetworking; path = "../../../Downloads/AFNetworking-master 3/AFNetworking"; sourceTree = "<group>"; };
		279878E31B3B5D1000C304F1 /* watch2 WatchKit Extension.entitlements */ = {isa = PBXFileReference; lastKnownFileType = text.xml; path = "watch2 WatchKit Extension.entitlements"; sourceTree = "<group>"; };
		279878E41B3B5D5600C304F1 /* watch2.entitlements */ = {isa = PBXFileReference; lastKnownFileType = text.xml; path = watch2.entitlements; sourceTree = "<group>"; };
		279878E51B3B5D7200C304F1 /* watch2 WatchKit App.entitlements */ = {isa = PBXFileReference; lastKnownFileType = text.xml; path = "watch2 WatchKit App.entitlements"; sourceTree = "<group>"; };
		27B6708C1B41AC75002030E8 /* WatchKit.framework */ = {isa = PBXFileReference; lastKnownFileType = wrapper.framework; name = WatchKit.framework; path = System/Library/Frameworks/WatchKit.framework; sourceTree = SDKROOT; };
		27B670FF1B41BC5D002030E8 /* ComplicationController.h */ = {isa = PBXFileReference; fileEncoding = 4; lastKnownFileType = sourcecode.c.h; path = ComplicationController.h; sourceTree = "<group>"; };
		27B671001B41BCA3002030E8 /* ComplicationController.m */ = {isa = PBXFileReference; fileEncoding = 4; lastKnownFileType = sourcecode.c.objc; path = ComplicationController.m; sourceTree = "<group>"; };
		27B671021B41D4E6002030E8 /* ClockKit.framework */ = {isa = PBXFileReference; lastKnownFileType = wrapper.framework; name = ClockKit.framework; path = Platforms/WatchOS.platform/Developer/SDKs/WatchOS2.0.sdk/System/Library/Frameworks/ClockKit.framework; sourceTree = DEVELOPER_DIR; };
		27C95E4C1B3A03D80067F797 /* watch2.app */ = {isa = PBXFileReference; explicitFileType = wrapper.application; includeInIndex = 0; path = watch2.app; sourceTree = BUILT_PRODUCTS_DIR; };
		27C95E501B3A03D80067F797 /* main.m */ = {isa = PBXFileReference; lastKnownFileType = sourcecode.c.objc; path = main.m; sourceTree = "<group>"; };
		27C95E521B3A03D80067F797 /* AppDelegate.h */ = {isa = PBXFileReference; lastKnownFileType = sourcecode.c.h; path = AppDelegate.h; sourceTree = "<group>"; };
		27C95E531B3A03D80067F797 /* AppDelegate.m */ = {isa = PBXFileReference; lastKnownFileType = sourcecode.c.objc; path = AppDelegate.m; sourceTree = "<group>"; };
		27C95E551B3A03D80067F797 /* ViewController.h */ = {isa = PBXFileReference; lastKnownFileType = sourcecode.c.h; path = ViewController.h; sourceTree = "<group>"; };
		27C95E561B3A03D80067F797 /* ViewController.m */ = {isa = PBXFileReference; lastKnownFileType = sourcecode.c.objc; path = ViewController.m; sourceTree = "<group>"; };
		27C95E591B3A03D80067F797 /* Base */ = {isa = PBXFileReference; lastKnownFileType = file.storyboard; name = Base; path = Base.lproj/Main.storyboard; sourceTree = "<group>"; };
		27C95E5B1B3A03D80067F797 /* Assets.xcassets */ = {isa = PBXFileReference; lastKnownFileType = folder.assetcatalog; path = Assets.xcassets; sourceTree = "<group>"; };
		27C95E5E1B3A03D80067F797 /* Base */ = {isa = PBXFileReference; lastKnownFileType = file.storyboard; name = Base; path = Base.lproj/LaunchScreen.storyboard; sourceTree = "<group>"; };
		27C95E601B3A03D80067F797 /* Info.plist */ = {isa = PBXFileReference; lastKnownFileType = text.plist.xml; path = Info.plist; sourceTree = "<group>"; };
		27C95E651B3A03D80067F797 /* watch2Tests.xctest */ = {isa = PBXFileReference; explicitFileType = wrapper.cfbundle; includeInIndex = 0; path = watch2Tests.xctest; sourceTree = BUILT_PRODUCTS_DIR; };
		27C95E691B3A03D80067F797 /* watch2Tests.m */ = {isa = PBXFileReference; lastKnownFileType = sourcecode.c.objc; path = watch2Tests.m; sourceTree = "<group>"; };
		27C95E6B1B3A03D80067F797 /* Info.plist */ = {isa = PBXFileReference; lastKnownFileType = text.plist.xml; path = Info.plist; sourceTree = "<group>"; };
		27C95E701B3A03D80067F797 /* watch2UITests.xctest */ = {isa = PBXFileReference; explicitFileType = wrapper.cfbundle; includeInIndex = 0; path = watch2UITests.xctest; sourceTree = BUILT_PRODUCTS_DIR; };
		27C95E741B3A03D80067F797 /* watch2UITests.m */ = {isa = PBXFileReference; lastKnownFileType = sourcecode.c.objc; path = watch2UITests.m; sourceTree = "<group>"; };
		27C95E761B3A03D80067F797 /* Info.plist */ = {isa = PBXFileReference; lastKnownFileType = text.plist.xml; path = Info.plist; sourceTree = "<group>"; };
		27C95E791B3A03D80067F797 /* watch2 WatchKit App.app */ = {isa = PBXFileReference; explicitFileType = wrapper.application; includeInIndex = 0; path = "watch2 WatchKit App.app"; sourceTree = BUILT_PRODUCTS_DIR; };
		27C95E7F1B3A03D80067F797 /* Base */ = {isa = PBXFileReference; lastKnownFileType = file.storyboard; name = Base; path = Base.lproj/Interface.storyboard; sourceTree = "<group>"; };
		27C95E811B3A03D80067F797 /* Assets.xcassets */ = {isa = PBXFileReference; lastKnownFileType = folder.assetcatalog; path = Assets.xcassets; sourceTree = "<group>"; };
		27C95E831B3A03D80067F797 /* Info.plist */ = {isa = PBXFileReference; lastKnownFileType = text.plist.xml; path = Info.plist; sourceTree = "<group>"; };
		27C95E881B3A03D80067F797 /* watch2 WatchKit Extension.appex */ = {isa = PBXFileReference; explicitFileType = "wrapper.app-extension"; includeInIndex = 0; path = "watch2 WatchKit Extension.appex"; sourceTree = BUILT_PRODUCTS_DIR; };
		27C95E8E1B3A03D80067F797 /* PushNotificationPayload.apns */ = {isa = PBXFileReference; lastKnownFileType = text; path = PushNotificationPayload.apns; sourceTree = "<group>"; };
		27C95E8F1B3A03D80067F797 /* InterfaceController.h */ = {isa = PBXFileReference; lastKnownFileType = sourcecode.c.h; path = InterfaceController.h; sourceTree = "<group>"; };
		27C95E901B3A03D80067F797 /* InterfaceController.m */ = {isa = PBXFileReference; lastKnownFileType = sourcecode.c.objc; path = InterfaceController.m; sourceTree = "<group>"; };
		27C95E921B3A03D80067F797 /* ExtensionDelegate.h */ = {isa = PBXFileReference; lastKnownFileType = sourcecode.c.h; path = ExtensionDelegate.h; sourceTree = "<group>"; };
		27C95E931B3A03D80067F797 /* ExtensionDelegate.m */ = {isa = PBXFileReference; lastKnownFileType = sourcecode.c.objc; path = ExtensionDelegate.m; sourceTree = "<group>"; };
		27C95E951B3A03D80067F797 /* NotificationController.h */ = {isa = PBXFileReference; lastKnownFileType = sourcecode.c.h; path = NotificationController.h; sourceTree = "<group>"; };
		27C95E961B3A03D80067F797 /* NotificationController.m */ = {isa = PBXFileReference; lastKnownFileType = sourcecode.c.objc; path = NotificationController.m; sourceTree = "<group>"; };
		27C95E981B3A03D80067F797 /* GlanceController.h */ = {isa = PBXFileReference; lastKnownFileType = sourcecode.c.h; path = GlanceController.h; sourceTree = "<group>"; };
		27C95E991B3A03D80067F797 /* GlanceController.m */ = {isa = PBXFileReference; lastKnownFileType = sourcecode.c.objc; path = GlanceController.m; sourceTree = "<group>"; };
		27C95E9B1B3A03D80067F797 /* Assets.xcassets */ = {isa = PBXFileReference; lastKnownFileType = folder.assetcatalog; path = Assets.xcassets; sourceTree = "<group>"; };
		27C95E9D1B3A03D80067F797 /* Info.plist */ = {isa = PBXFileReference; lastKnownFileType = text.plist.xml; path = Info.plist; sourceTree = "<group>"; };
		27C95EB11B3A05950067F797 /* cx.jpg */ = {isa = PBXFileReference; lastKnownFileType = image.jpeg; name = cx.jpg; path = ../../Pictures/cx.jpg; sourceTree = "<group>"; };
		27C95EB31B3A0A3D0067F797 /* WatchConnectivity.framework */ = {isa = PBXFileReference; lastKnownFileType = wrapper.framework; name = WatchConnectivity.framework; path = System/Library/Frameworks/WatchConnectivity.framework; sourceTree = SDKROOT; };
		27C95EBD1B3A1B200067F797 /* publicData.framework */ = {isa = PBXFileReference; explicitFileType = wrapper.framework; includeInIndex = 0; path = publicData.framework; sourceTree = BUILT_PRODUCTS_DIR; };
		27C95EC61B3A1B200067F797 /* publicDataTests.xctest */ = {isa = PBXFileReference; explicitFileType = wrapper.cfbundle; includeInIndex = 0; path = publicDataTests.xctest; sourceTree = BUILT_PRODUCTS_DIR; };
		27CA06AA1B45E1E900DEE90A /* CoreData.framework */ = {isa = PBXFileReference; lastKnownFileType = wrapper.framework; name = CoreData.framework; path = System/Library/Frameworks/CoreData.framework; sourceTree = SDKROOT; };
		27CA06B01B45E2D600DEE90A /* DataModel.xcdatamodel */ = {isa = PBXFileReference; lastKnownFileType = wrapper.xcdatamodel; path = DataModel.xcdatamodel; sourceTree = "<group>"; };
		27CA06BD1B45E62E00DEE90A /* Entity+CoreDataProperties.h */ = {isa = PBXFileReference; fileEncoding = 4; lastKnownFileType = sourcecode.c.h; name = "Entity+CoreDataProperties.h"; path = "../Entity+CoreDataProperties.h"; sourceTree = "<group>"; };
		27CA06BE1B45E62E00DEE90A /* Entity.h */ = {isa = PBXFileReference; fileEncoding = 4; lastKnownFileType = sourcecode.c.h; name = Entity.h; path = ../Entity.h; sourceTree = "<group>"; };
		27CA06BF1B45E62E00DEE90A /* Entity.m */ = {isa = PBXFileReference; fileEncoding = 4; lastKnownFileType = sourcecode.c.objc; name = Entity.m; path = ../Entity.m; sourceTree = "<group>"; };
		27CA06DC1B45FD7A00DEE90A /* MagicalRecord */ = {isa = PBXFileReference; lastKnownFileType = folder; name = MagicalRecord; path = ../../coreData/Vendor/MagicalRecord/MagicalRecord; sourceTree = "<group>"; };
		27CA06DE1B45FEDA00DEE90A /* MagicalRecord.xcodeproj */ = {isa = PBXFileReference; lastKnownFileType = "wrapper.pb-project"; name = MagicalRecord.xcodeproj; path = ../../MagicalRecord/MagicalRecord.xcodeproj; sourceTree = "<group>"; };
		27E24AFB1B3DCDD10027C499 /* CoreMotion.framework */ = {isa = PBXFileReference; lastKnownFileType = wrapper.framework; name = CoreMotion.framework; path = System/Library/Frameworks/CoreMotion.framework; sourceTree = SDKROOT; };
/* End PBXFileReference section */

/* Begin PBXFrameworksBuildPhase section */
		27C95E491B3A03D80067F797 /* Frameworks */ = {
			isa = PBXFrameworksBuildPhase;
			buildActionMask = 2147483647;
			files = (
				27CA06FA1B45FF0F00DEE90A /* MagicalRecord.framework in Frameworks */,
				27CA06AB1B45E1E900DEE90A /* CoreData.framework in Frameworks */,
				27B6708D1B41AC75002030E8 /* WatchKit.framework in Frameworks */,
				27B6708B1B41AC68002030E8 /* WatchConnectivity.framework in Frameworks */,
				27E24AFC1B3DCDD10027C499 /* CoreMotion.framework in Frameworks */,
				27938FF01B3C861800346A2D /* CoreLocation.framework in Frameworks */,
			);
			runOnlyForDeploymentPostprocessing = 0;
		};
		27C95E621B3A03D80067F797 /* Frameworks */ = {
			isa = PBXFrameworksBuildPhase;
			buildActionMask = 2147483647;
			files = (
			);
			runOnlyForDeploymentPostprocessing = 0;
		};
		27C95E6D1B3A03D80067F797 /* Frameworks */ = {
			isa = PBXFrameworksBuildPhase;
			buildActionMask = 2147483647;
			files = (
			);
			runOnlyForDeploymentPostprocessing = 0;
		};
		27C95E851B3A03D80067F797 /* Frameworks */ = {
			isa = PBXFrameworksBuildPhase;
			buildActionMask = 2147483647;
			files = (
				27B671031B41D4E6002030E8 /* ClockKit.framework in Frameworks */,
			);
			runOnlyForDeploymentPostprocessing = 0;
		};
		27C95EB91B3A1B200067F797 /* Frameworks */ = {
			isa = PBXFrameworksBuildPhase;
			buildActionMask = 2147483647;
			files = (
			);
			runOnlyForDeploymentPostprocessing = 0;
		};
		27C95EC31B3A1B200067F797 /* Frameworks */ = {
			isa = PBXFrameworksBuildPhase;
			buildActionMask = 2147483647;
			files = (
				27C95EC71B3A1B200067F797 /* publicData.framework in Frameworks */,
			);
			runOnlyForDeploymentPostprocessing = 0;
		};
/* End PBXFrameworksBuildPhase section */

/* Begin PBXGroup section */
		277ECAA91B3DC27800C0FACA /* shared stuff */ = {
			isa = PBXGroup;
			children = (
				27C95EB11B3A05950067F797 /* cx.jpg */,
				27938FEF1B3C861800346A2D /* CoreLocation.framework */,
				27938FED1B3C859400346A2D /* CoreLocation.framework */,
				27C95EB31B3A0A3D0067F797 /* WatchConnectivity.framework */,
			);
			name = "shared stuff";
			sourceTree = "<group>";
		};
		27C95E431B3A03D80067F797 = {
			isa = PBXGroup;
			children = (
				27CA06AA1B45E1E900DEE90A /* CoreData.framework */,
				27B671021B41D4E6002030E8 /* ClockKit.framework */,
				27B6708C1B41AC75002030E8 /* WatchKit.framework */,
				27E24AFB1B3DCDD10027C499 /* CoreMotion.framework */,
				277ECAA91B3DC27800C0FACA /* shared stuff */,
				27C95E4E1B3A03D80067F797 /* watch2 */,
				27C95E681B3A03D80067F797 /* watch2Tests */,
				27C95E731B3A03D80067F797 /* watch2UITests */,
				27C95E7D1B3A03D80067F797 /* watch2 WatchKit App */,
				27C95E8C1B3A03D80067F797 /* watch2 WatchKit Extension */,
				27C95E4D1B3A03D80067F797 /* Products */,
			);
			sourceTree = "<group>";
		};
		27C95E4D1B3A03D80067F797 /* Products */ = {
			isa = PBXGroup;
			children = (
				27C95E4C1B3A03D80067F797 /* watch2.app */,
				27C95E651B3A03D80067F797 /* watch2Tests.xctest */,
				27C95E701B3A03D80067F797 /* watch2UITests.xctest */,
				27C95E791B3A03D80067F797 /* watch2 WatchKit App.app */,
				27C95E881B3A03D80067F797 /* watch2 WatchKit Extension.appex */,
				27C95EBD1B3A1B200067F797 /* publicData.framework */,
				27C95EC61B3A1B200067F797 /* publicDataTests.xctest */,
			);
			name = Products;
			sourceTree = "<group>";
		};
		27C95E4E1B3A03D80067F797 /* watch2 */ = {
			isa = PBXGroup;
			children = (
				279878E41B3B5D5600C304F1 /* watch2.entitlements */,
				27C95E521B3A03D80067F797 /* AppDelegate.h */,
				27C95E531B3A03D80067F797 /* AppDelegate.m */,
				27CA06DE1B45FEDA00DEE90A /* MagicalRecord.xcodeproj */,
				27C95E551B3A03D80067F797 /* ViewController.h */,
				27C95E561B3A03D80067F797 /* ViewController.m */,
				27938FF11B3C86C000346A2D /* AFNetworking */,
				27C95E581B3A03D80067F797 /* Main.storyboard */,
				27C95E5B1B3A03D80067F797 /* Assets.xcassets */,
				27C95E5D1B3A03D80067F797 /* LaunchScreen.storyboard */,
				27C95E601B3A03D80067F797 /* Info.plist */,
				27CA06AF1B45E2D600DEE90A /* DataModel.xcdatamodeld */,
				27CA06BD1B45E62E00DEE90A /* Entity+CoreDataProperties.h */,
				27CA06BE1B45E62E00DEE90A /* Entity.h */,
				27CA06BF1B45E62E00DEE90A /* Entity.m */,
				27CA06DC1B45FD7A00DEE90A /* MagicalRecord */,
				27C95E4F1B3A03D80067F797 /* Supporting Files */,
			);
			path = watch2;
			sourceTree = "<group>";
		};
		27C95E4F1B3A03D80067F797 /* Supporting Files */ = {
			isa = PBXGroup;
			children = (
				27C95E501B3A03D80067F797 /* main.m */,
			);
			name = "Supporting Files";
			sourceTree = "<group>";
		};
		27C95E681B3A03D80067F797 /* watch2Tests */ = {
			isa = PBXGroup;
			children = (
				27C95E691B3A03D80067F797 /* watch2Tests.m */,
				27C95E6B1B3A03D80067F797 /* Info.plist */,
			);
			path = watch2Tests;
			sourceTree = "<group>";
		};
		27C95E731B3A03D80067F797 /* watch2UITests */ = {
			isa = PBXGroup;
			children = (
				27C95E741B3A03D80067F797 /* watch2UITests.m */,
				27C95E761B3A03D80067F797 /* Info.plist */,
			);
			path = watch2UITests;
			sourceTree = "<group>";
		};
		27C95E7D1B3A03D80067F797 /* watch2 WatchKit App */ = {
			isa = PBXGroup;
			children = (
				279878E51B3B5D7200C304F1 /* watch2 WatchKit App.entitlements */,
				27C95E7E1B3A03D80067F797 /* Interface.storyboard */,
				27C95E811B3A03D80067F797 /* Assets.xcassets */,
				27C95E831B3A03D80067F797 /* Info.plist */,
			);
			path = "watch2 WatchKit App";
			sourceTree = "<group>";
		};
		27C95E8C1B3A03D80067F797 /* watch2 WatchKit Extension */ = {
			isa = PBXGroup;
			children = (
				27B670FF1B41BC5D002030E8 /* ComplicationController.h */,
				27B671001B41BCA3002030E8 /* ComplicationController.m */,
				279878E31B3B5D1000C304F1 /* watch2 WatchKit Extension.entitlements */,
				27C95E8F1B3A03D80067F797 /* InterfaceController.h */,
				27C95E901B3A03D80067F797 /* InterfaceController.m */,
				27C95E921B3A03D80067F797 /* ExtensionDelegate.h */,
				27C95E931B3A03D80067F797 /* ExtensionDelegate.m */,
				27C95E951B3A03D80067F797 /* NotificationController.h */,
				27C95E961B3A03D80067F797 /* NotificationController.m */,
				27C95E981B3A03D80067F797 /* GlanceController.h */,
				27C95E991B3A03D80067F797 /* GlanceController.m */,
				27C95E9B1B3A03D80067F797 /* Assets.xcassets */,
				27C95E9D1B3A03D80067F797 /* Info.plist */,
				27C95E8D1B3A03D80067F797 /* Supporting Files */,
			);
			path = "watch2 WatchKit Extension";
			sourceTree = "<group>";
		};
		27C95E8D1B3A03D80067F797 /* Supporting Files */ = {
			isa = PBXGroup;
			children = (
				27C95E8E1B3A03D80067F797 /* PushNotificationPayload.apns */,
			);
			name = "Supporting Files";
			sourceTree = "<group>";
		};
		27CA06DF1B45FEDA00DEE90A /* Products */ = {
			isa = PBXGroup;
			children = (
				27CA06EB1B45FEDB00DEE90A /* MagicalRecord.framework */,
				27CA06ED1B45FEDB00DEE90A /* MagicalRecord for iOS Tests.xctest */,
				27CA06EF1B45FEDB00DEE90A /* MagicalRecord.framework */,
				27CA06F11B45FEDB00DEE90A /* MagicalRecord for OS X Tests.xctest */,
				27CA06F31B45FEDB00DEE90A /* libMagicalRecord.a */,
				27CA06F51B45FEDB00DEE90A /* libMagicalRecord for iOS Tests.xctest */,
				27CA06F71B45FEDB00DEE90A /* libMagicalRecord.dylib */,
				27CA06F91B45FEDB00DEE90A /* libMagicalRecord for OS X Tests.xctest */,
			);
			name = Products;
			sourceTree = "<group>";
		};
/* End PBXGroup section */

/* Begin PBXHeadersBuildPhase section */
		27C95EBA1B3A1B200067F797 /* Headers */ = {
			isa = PBXHeadersBuildPhase;
			buildActionMask = 2147483647;
			files = (
			);
			runOnlyForDeploymentPostprocessing = 0;
		};
/* End PBXHeadersBuildPhase section */

/* Begin PBXNativeTarget section */
		27C95E4B1B3A03D80067F797 /* watch2 */ = {
			isa = PBXNativeTarget;
			buildConfigurationList = 27C95EA81B3A03D80067F797 /* Build configuration list for PBXNativeTarget "watch2" */;
			buildPhases = (
				27C95E481B3A03D80067F797 /* Sources */,
				27C95E491B3A03D80067F797 /* Frameworks */,
				27C95E4A1B3A03D80067F797 /* Resources */,
				27C95EA71B3A03D80067F797 /* Embed Watch Content */,
			);
			buildRules = (
			);
			dependencies = (
				27C95E7C1B3A03D80067F797 /* PBXTargetDependency */,
			);
			name = watch2;
			productName = watch2;
			productReference = 27C95E4C1B3A03D80067F797 /* watch2.app */;
			productType = "com.apple.product-type.application";
		};
		27C95E641B3A03D80067F797 /* watch2Tests */ = {
			isa = PBXNativeTarget;
			buildConfigurationList = 27C95EAB1B3A03D80067F797 /* Build configuration list for PBXNativeTarget "watch2Tests" */;
			buildPhases = (
				27C95E611B3A03D80067F797 /* Sources */,
				27C95E621B3A03D80067F797 /* Frameworks */,
				27C95E631B3A03D80067F797 /* Resources */,
			);
			buildRules = (
			);
			dependencies = (
				27C95E671B3A03D80067F797 /* PBXTargetDependency */,
			);
			name = watch2Tests;
			productName = watch2Tests;
			productReference = 27C95E651B3A03D80067F797 /* watch2Tests.xctest */;
			productType = "com.apple.product-type.bundle.unit-test";
		};
		27C95E6F1B3A03D80067F797 /* watch2UITests */ = {
			isa = PBXNativeTarget;
			buildConfigurationList = 27C95EAE1B3A03D80067F797 /* Build configuration list for PBXNativeTarget "watch2UITests" */;
			buildPhases = (
				27C95E6C1B3A03D80067F797 /* Sources */,
				27C95E6D1B3A03D80067F797 /* Frameworks */,
				27C95E6E1B3A03D80067F797 /* Resources */,
			);
			buildRules = (
			);
			dependencies = (
				27C95E721B3A03D80067F797 /* PBXTargetDependency */,
			);
			name = watch2UITests;
			productName = watch2UITests;
			productReference = 27C95E701B3A03D80067F797 /* watch2UITests.xctest */;
			productType = "com.apple.product-type.bundle.ui-testing";
		};
		27C95E781B3A03D80067F797 /* watch2 WatchKit App */ = {
			isa = PBXNativeTarget;
			buildConfigurationList = 27C95EA41B3A03D80067F797 /* Build configuration list for PBXNativeTarget "watch2 WatchKit App" */;
			buildPhases = (
				27C95E771B3A03D80067F797 /* Resources */,
				27C95EA31B3A03D80067F797 /* Embed App Extensions */,
			);
			buildRules = (
			);
			dependencies = (
				27C95E8B1B3A03D80067F797 /* PBXTargetDependency */,
			);
			name = "watch2 WatchKit App";
			productName = "watch2 WatchKit App";
			productReference = 27C95E791B3A03D80067F797 /* watch2 WatchKit App.app */;
			productType = "com.apple.product-type.application.watchapp2";
		};
		27C95E871B3A03D80067F797 /* watch2 WatchKit Extension */ = {
			isa = PBXNativeTarget;
			buildConfigurationList = 27C95EA01B3A03D80067F797 /* Build configuration list for PBXNativeTarget "watch2 WatchKit Extension" */;
			buildPhases = (
				27C95E841B3A03D80067F797 /* Sources */,
				27C95E851B3A03D80067F797 /* Frameworks */,
				27C95E861B3A03D80067F797 /* Resources */,
			);
			buildRules = (
			);
			dependencies = (
			);
			name = "watch2 WatchKit Extension";
			productName = "watch2 WatchKit Extension";
			productReference = 27C95E881B3A03D80067F797 /* watch2 WatchKit Extension.appex */;
			productType = "com.apple.product-type.watchkit2-extension";
		};
		27C95EBC1B3A1B200067F797 /* publicData */ = {
			isa = PBXNativeTarget;
			buildConfigurationList = 27C95ECE1B3A1B200067F797 /* Build configuration list for PBXNativeTarget "publicData" */;
			buildPhases = (
				27C95EB81B3A1B200067F797 /* Sources */,
				27C95EB91B3A1B200067F797 /* Frameworks */,
				27C95EBA1B3A1B200067F797 /* Headers */,
				27C95EBB1B3A1B200067F797 /* Resources */,
			);
			buildRules = (
			);
			dependencies = (
			);
			name = publicData;
			productName = publicData;
			productReference = 27C95EBD1B3A1B200067F797 /* publicData.framework */;
			productType = "com.apple.product-type.framework";
		};
		27C95EC51B3A1B200067F797 /* publicDataTests */ = {
			isa = PBXNativeTarget;
			buildConfigurationList = 27C95ED11B3A1B200067F797 /* Build configuration list for PBXNativeTarget "publicDataTests" */;
			buildPhases = (
				27C95EC21B3A1B200067F797 /* Sources */,
				27C95EC31B3A1B200067F797 /* Frameworks */,
				27C95EC41B3A1B200067F797 /* Resources */,
			);
			buildRules = (
			);
			dependencies = (
				27C95EC91B3A1B200067F797 /* PBXTargetDependency */,
			);
			name = publicDataTests;
			productName = publicDataTests;
			productReference = 27C95EC61B3A1B200067F797 /* publicDataTests.xctest */;
			productType = "com.apple.product-type.bundle.unit-test";
		};
/* End PBXNativeTarget section */

/* Begin PBXProject section */
		27C95E441B3A03D80067F797 /* Project object */ = {
			isa = PBXProject;
			attributes = {
				LastUpgradeCheck = 0700;
				ORGANIZATIONNAME = JFingert;
				TargetAttributes = {
					27C95E4B1B3A03D80067F797 = {
						CreatedOnToolsVersion = 7.0;
						DevelopmentTeam = GW9LN5A7NP;
						SystemCapabilities = {
							com.apple.ApplicationGroups.iOS = {
								enabled = 1;
							};
						};
					};
					27C95E641B3A03D80067F797 = {
						CreatedOnToolsVersion = 7.0;
						TestTargetID = 27C95E4B1B3A03D80067F797;
					};
					27C95E6F1B3A03D80067F797 = {
						CreatedOnToolsVersion = 7.0;
						TestTargetID = 27C95E4B1B3A03D80067F797;
					};
					27C95E781B3A03D80067F797 = {
						CreatedOnToolsVersion = 7.0;
						DevelopmentTeam = GW9LN5A7NP;
						SystemCapabilities = {
							com.apple.ApplicationGroups.iOS = {
								enabled = 1;
							};
						};
					};
					27C95E871B3A03D80067F797 = {
						CreatedOnToolsVersion = 7.0;
						DevelopmentTeam = GW9LN5A7NP;
						SystemCapabilities = {
							com.apple.ApplicationGroups.iOS = {
								enabled = 1;
							};
						};
					};
					27C95EBC1B3A1B200067F797 = {
						CreatedOnToolsVersion = 7.0;
					};
					27C95EC51B3A1B200067F797 = {
						CreatedOnToolsVersion = 7.0;
					};
				};
			};
			buildConfigurationList = 27C95E471B3A03D80067F797 /* Build configuration list for PBXProject "watch2" */;
			compatibilityVersion = "Xcode 3.2";
			developmentRegion = English;
			hasScannedForEncodings = 0;
			knownRegions = (
				en,
				Base,
			);
			mainGroup = 27C95E431B3A03D80067F797;
			productRefGroup = 27C95E4D1B3A03D80067F797 /* Products */;
			projectDirPath = "";
			projectReferences = (
				{
					ProductGroup = 27CA06DF1B45FEDA00DEE90A /* Products */;
					ProjectRef = 27CA06DE1B45FEDA00DEE90A /* MagicalRecord.xcodeproj */;
				},
			);
			projectRoot = "";
			targets = (
				27C95E4B1B3A03D80067F797 /* watch2 */,
				27C95E641B3A03D80067F797 /* watch2Tests */,
				27C95E6F1B3A03D80067F797 /* watch2UITests */,
				27C95E781B3A03D80067F797 /* watch2 WatchKit App */,
				27C95E871B3A03D80067F797 /* watch2 WatchKit Extension */,
				27C95EBC1B3A1B200067F797 /* publicData */,
				27C95EC51B3A1B200067F797 /* publicDataTests */,
			);
		};
/* End PBXProject section */

/* Begin PBXReferenceProxy section */
		27CA06EB1B45FEDB00DEE90A /* MagicalRecord.framework */ = {
			isa = PBXReferenceProxy;
			fileType = wrapper.framework;
			path = MagicalRecord.framework;
			remoteRef = 27CA06EA1B45FEDB00DEE90A /* PBXContainerItemProxy */;
			sourceTree = BUILT_PRODUCTS_DIR;
		};
		27CA06ED1B45FEDB00DEE90A /* MagicalRecord for iOS Tests.xctest */ = {
			isa = PBXReferenceProxy;
			fileType = wrapper.cfbundle;
			path = "MagicalRecord for iOS Tests.xctest";
			remoteRef = 27CA06EC1B45FEDB00DEE90A /* PBXContainerItemProxy */;
			sourceTree = BUILT_PRODUCTS_DIR;
		};
		27CA06EF1B45FEDB00DEE90A /* MagicalRecord.framework */ = {
			isa = PBXReferenceProxy;
			fileType = wrapper.framework;
			path = MagicalRecord.framework;
			remoteRef = 27CA06EE1B45FEDB00DEE90A /* PBXContainerItemProxy */;
			sourceTree = BUILT_PRODUCTS_DIR;
		};
		27CA06F11B45FEDB00DEE90A /* MagicalRecord for OS X Tests.xctest */ = {
			isa = PBXReferenceProxy;
			fileType = wrapper.cfbundle;
			path = "MagicalRecord for OS X Tests.xctest";
			remoteRef = 27CA06F01B45FEDB00DEE90A /* PBXContainerItemProxy */;
			sourceTree = BUILT_PRODUCTS_DIR;
		};
		27CA06F31B45FEDB00DEE90A /* libMagicalRecord.a */ = {
			isa = PBXReferenceProxy;
			fileType = archive.ar;
			path = libMagicalRecord.a;
			remoteRef = 27CA06F21B45FEDB00DEE90A /* PBXContainerItemProxy */;
			sourceTree = BUILT_PRODUCTS_DIR;
		};
		27CA06F51B45FEDB00DEE90A /* libMagicalRecord for iOS Tests.xctest */ = {
			isa = PBXReferenceProxy;
			fileType = wrapper.cfbundle;
			path = "libMagicalRecord for iOS Tests.xctest";
			remoteRef = 27CA06F41B45FEDB00DEE90A /* PBXContainerItemProxy */;
			sourceTree = BUILT_PRODUCTS_DIR;
		};
		27CA06F71B45FEDB00DEE90A /* libMagicalRecord.dylib */ = {
			isa = PBXReferenceProxy;
			fileType = "compiled.mach-o.dylib";
			path = libMagicalRecord.dylib;
			remoteRef = 27CA06F61B45FEDB00DEE90A /* PBXContainerItemProxy */;
			sourceTree = BUILT_PRODUCTS_DIR;
		};
		27CA06F91B45FEDB00DEE90A /* libMagicalRecord for OS X Tests.xctest */ = {
			isa = PBXReferenceProxy;
			fileType = wrapper.cfbundle;
			path = "libMagicalRecord for OS X Tests.xctest";
			remoteRef = 27CA06F81B45FEDB00DEE90A /* PBXContainerItemProxy */;
			sourceTree = BUILT_PRODUCTS_DIR;
		};
/* End PBXReferenceProxy section */

/* Begin PBXResourcesBuildPhase section */
		27C95E4A1B3A03D80067F797 /* Resources */ = {
			isa = PBXResourcesBuildPhase;
			buildActionMask = 2147483647;
			files = (
				27C95E5F1B3A03D80067F797 /* LaunchScreen.storyboard in Resources */,
				27C95E5C1B3A03D80067F797 /* Assets.xcassets in Resources */,
				27C95E5A1B3A03D80067F797 /* Main.storyboard in Resources */,
				27938FF21B3C86C000346A2D /* AFNetworking in Resources */,
				27CA06DD1B45FD7A00DEE90A /* MagicalRecord in Resources */,
			);
			runOnlyForDeploymentPostprocessing = 0;
		};
		27C95E631B3A03D80067F797 /* Resources */ = {
			isa = PBXResourcesBuildPhase;
			buildActionMask = 2147483647;
			files = (
			);
			runOnlyForDeploymentPostprocessing = 0;
		};
		27C95E6E1B3A03D80067F797 /* Resources */ = {
			isa = PBXResourcesBuildPhase;
			buildActionMask = 2147483647;
			files = (
			);
			runOnlyForDeploymentPostprocessing = 0;
		};
		27C95E771B3A03D80067F797 /* Resources */ = {
			isa = PBXResourcesBuildPhase;
			buildActionMask = 2147483647;
			files = (
				27C95EB21B3A05950067F797 /* cx.jpg in Resources */,
				27C95E821B3A03D80067F797 /* Assets.xcassets in Resources */,
				27C95E801B3A03D80067F797 /* Interface.storyboard in Resources */,
			);
			runOnlyForDeploymentPostprocessing = 0;
		};
		27C95E861B3A03D80067F797 /* Resources */ = {
			isa = PBXResourcesBuildPhase;
			buildActionMask = 2147483647;
			files = (
				27FBC9BF1B3B32A70091BC3E /* watch2 WatchKit App.app in Resources */,
				27C95E9C1B3A03D80067F797 /* Assets.xcassets in Resources */,
			);
			runOnlyForDeploymentPostprocessing = 0;
		};
		27C95EBB1B3A1B200067F797 /* Resources */ = {
			isa = PBXResourcesBuildPhase;
			buildActionMask = 2147483647;
			files = (
			);
			runOnlyForDeploymentPostprocessing = 0;
		};
		27C95EC41B3A1B200067F797 /* Resources */ = {
			isa = PBXResourcesBuildPhase;
			buildActionMask = 2147483647;
			files = (
			);
			runOnlyForDeploymentPostprocessing = 0;
		};
/* End PBXResourcesBuildPhase section */

/* Begin PBXSourcesBuildPhase section */
		27C95E481B3A03D80067F797 /* Sources */ = {
			isa = PBXSourcesBuildPhase;
			buildActionMask = 2147483647;
			files = (
				27CA06C01B45E62E00DEE90A /* Entity.m in Sources */,
				27C95E571B3A03D80067F797 /* ViewController.m in Sources */,
				27CA06B11B45E2D600DEE90A /* DataModel.xcdatamodeld in Sources */,
				27C95E541B3A03D80067F797 /* AppDelegate.m in Sources */,
				27C95E511B3A03D80067F797 /* main.m in Sources */,
			);
			runOnlyForDeploymentPostprocessing = 0;
		};
		27C95E611B3A03D80067F797 /* Sources */ = {
			isa = PBXSourcesBuildPhase;
			buildActionMask = 2147483647;
			files = (
				27C95E6A1B3A03D80067F797 /* watch2Tests.m in Sources */,
			);
			runOnlyForDeploymentPostprocessing = 0;
		};
		27C95E6C1B3A03D80067F797 /* Sources */ = {
			isa = PBXSourcesBuildPhase;
			buildActionMask = 2147483647;
			files = (
				27C95E751B3A03D80067F797 /* watch2UITests.m in Sources */,
			);
			runOnlyForDeploymentPostprocessing = 0;
		};
		27C95E841B3A03D80067F797 /* Sources */ = {
			isa = PBXSourcesBuildPhase;
			buildActionMask = 2147483647;
			files = (
				27C95E941B3A03D80067F797 /* ExtensionDelegate.m in Sources */,
				27C95E911B3A03D80067F797 /* InterfaceController.m in Sources */,
				27C95E971B3A03D80067F797 /* NotificationController.m in Sources */,
				27C95E9A1B3A03D80067F797 /* GlanceController.m in Sources */,
				27B671011B41BCA3002030E8 /* ComplicationController.m in Sources */,
			);
			runOnlyForDeploymentPostprocessing = 0;
		};
		27C95EB81B3A1B200067F797 /* Sources */ = {
			isa = PBXSourcesBuildPhase;
			buildActionMask = 2147483647;
			files = (
			);
			runOnlyForDeploymentPostprocessing = 0;
		};
		27C95EC21B3A1B200067F797 /* Sources */ = {
			isa = PBXSourcesBuildPhase;
			buildActionMask = 2147483647;
			files = (
			);
			runOnlyForDeploymentPostprocessing = 0;
		};
/* End PBXSourcesBuildPhase section */

/* Begin PBXTargetDependency section */
		27C95E671B3A03D80067F797 /* PBXTargetDependency */ = {
			isa = PBXTargetDependency;
			target = 27C95E4B1B3A03D80067F797 /* watch2 */;
			targetProxy = 27C95E661B3A03D80067F797 /* PBXContainerItemProxy */;
		};
		27C95E721B3A03D80067F797 /* PBXTargetDependency */ = {
			isa = PBXTargetDependency;
			target = 27C95E4B1B3A03D80067F797 /* watch2 */;
			targetProxy = 27C95E711B3A03D80067F797 /* PBXContainerItemProxy */;
		};
		27C95E7C1B3A03D80067F797 /* PBXTargetDependency */ = {
			isa = PBXTargetDependency;
			target = 27C95E781B3A03D80067F797 /* watch2 WatchKit App */;
			targetProxy = 27C95E7B1B3A03D80067F797 /* PBXContainerItemProxy */;
		};
		27C95E8B1B3A03D80067F797 /* PBXTargetDependency */ = {
			isa = PBXTargetDependency;
			target = 27C95E871B3A03D80067F797 /* watch2 WatchKit Extension */;
			targetProxy = 27C95E8A1B3A03D80067F797 /* PBXContainerItemProxy */;
		};
		27C95EC91B3A1B200067F797 /* PBXTargetDependency */ = {
			isa = PBXTargetDependency;
			target = 27C95EBC1B3A1B200067F797 /* publicData */;
			targetProxy = 27C95EC81B3A1B200067F797 /* PBXContainerItemProxy */;
		};
/* End PBXTargetDependency section */

/* Begin PBXVariantGroup section */
		27C95E581B3A03D80067F797 /* Main.storyboard */ = {
			isa = PBXVariantGroup;
			children = (
				27C95E591B3A03D80067F797 /* Base */,
			);
			name = Main.storyboard;
			sourceTree = "<group>";
		};
		27C95E5D1B3A03D80067F797 /* LaunchScreen.storyboard */ = {
			isa = PBXVariantGroup;
			children = (
				27C95E5E1B3A03D80067F797 /* Base */,
			);
			name = LaunchScreen.storyboard;
			sourceTree = "<group>";
		};
		27C95E7E1B3A03D80067F797 /* Interface.storyboard */ = {
			isa = PBXVariantGroup;
			children = (
				27C95E7F1B3A03D80067F797 /* Base */,
			);
			name = Interface.storyboard;
			sourceTree = "<group>";
		};
/* End PBXVariantGroup section */

/* Begin XCBuildConfiguration section */
		27C95E9E1B3A03D80067F797 /* Debug */ = {
			isa = XCBuildConfiguration;
			buildSettings = {
				ALWAYS_SEARCH_USER_PATHS = NO;
				CLANG_CXX_LANGUAGE_STANDARD = "gnu++0x";
				CLANG_CXX_LIBRARY = "libc++";
				CLANG_ENABLE_MODULES = YES;
				CLANG_ENABLE_OBJC_ARC = YES;
				CLANG_WARN_BOOL_CONVERSION = YES;
				CLANG_WARN_CONSTANT_CONVERSION = YES;
				CLANG_WARN_DIRECT_OBJC_ISA_USAGE = YES_ERROR;
				CLANG_WARN_EMPTY_BODY = YES;
				CLANG_WARN_ENUM_CONVERSION = YES;
				CLANG_WARN_INT_CONVERSION = YES;
				CLANG_WARN_OBJC_ROOT_CLASS = YES_ERROR;
				CLANG_WARN_UNREACHABLE_CODE = YES;
				CLANG_WARN__DUPLICATE_METHOD_MATCH = YES;
				"CODE_SIGN_IDENTITY[sdk=iphoneos*]" = "iPhone Developer";
				COPY_PHASE_STRIP = NO;
				DEBUG_INFORMATION_FORMAT = dwarf;
				ENABLE_STRICT_OBJC_MSGSEND = YES;
				ENABLE_TESTABILITY = YES;
				GCC_C_LANGUAGE_STANDARD = gnu99;
				GCC_DYNAMIC_NO_PIC = NO;
				GCC_NO_COMMON_BLOCKS = YES;
				GCC_OPTIMIZATION_LEVEL = 0;
				GCC_PREPROCESSOR_DEFINITIONS = (
					"DEBUG=1",
					"$(inherited)",
				);
				GCC_WARN_64_TO_32_BIT_CONVERSION = YES;
				GCC_WARN_ABOUT_RETURN_TYPE = YES_ERROR;
				GCC_WARN_UNDECLARED_SELECTOR = YES;
				GCC_WARN_UNINITIALIZED_AUTOS = YES_AGGRESSIVE;
				GCC_WARN_UNUSED_FUNCTION = YES;
				GCC_WARN_UNUSED_VARIABLE = YES;
				IPHONEOS_DEPLOYMENT_TARGET = 9.0;
				MTL_ENABLE_DEBUG_INFO = YES;
				ONLY_ACTIVE_ARCH = YES;
				SDKROOT = iphoneos;
			};
			name = Debug;
		};
		27C95E9F1B3A03D80067F797 /* Release */ = {
			isa = XCBuildConfiguration;
			buildSettings = {
				ALWAYS_SEARCH_USER_PATHS = NO;
				CLANG_CXX_LANGUAGE_STANDARD = "gnu++0x";
				CLANG_CXX_LIBRARY = "libc++";
				CLANG_ENABLE_MODULES = YES;
				CLANG_ENABLE_OBJC_ARC = YES;
				CLANG_WARN_BOOL_CONVERSION = YES;
				CLANG_WARN_CONSTANT_CONVERSION = YES;
				CLANG_WARN_DIRECT_OBJC_ISA_USAGE = YES_ERROR;
				CLANG_WARN_EMPTY_BODY = YES;
				CLANG_WARN_ENUM_CONVERSION = YES;
				CLANG_WARN_INT_CONVERSION = YES;
				CLANG_WARN_OBJC_ROOT_CLASS = YES_ERROR;
				CLANG_WARN_UNREACHABLE_CODE = YES;
				CLANG_WARN__DUPLICATE_METHOD_MATCH = YES;
				"CODE_SIGN_IDENTITY[sdk=iphoneos*]" = "iPhone Developer";
				COPY_PHASE_STRIP = NO;
				DEBUG_INFORMATION_FORMAT = "dwarf-with-dsym";
				ENABLE_NS_ASSERTIONS = NO;
				ENABLE_STRICT_OBJC_MSGSEND = YES;
				GCC_C_LANGUAGE_STANDARD = gnu99;
				GCC_NO_COMMON_BLOCKS = YES;
				GCC_WARN_64_TO_32_BIT_CONVERSION = YES;
				GCC_WARN_ABOUT_RETURN_TYPE = YES_ERROR;
				GCC_WARN_UNDECLARED_SELECTOR = YES;
				GCC_WARN_UNINITIALIZED_AUTOS = YES_AGGRESSIVE;
				GCC_WARN_UNUSED_FUNCTION = YES;
				GCC_WARN_UNUSED_VARIABLE = YES;
				IPHONEOS_DEPLOYMENT_TARGET = 9.0;
				MTL_ENABLE_DEBUG_INFO = NO;
				SDKROOT = iphoneos;
				VALIDATE_PRODUCT = YES;
			};
			name = Release;
		};
		27C95EA11B3A03D80067F797 /* Debug */ = {
			isa = XCBuildConfiguration;
			buildSettings = {
				ASSETCATALOG_COMPILER_COMPLICATION_NAME = Complication;
				CODE_SIGN_ENTITLEMENTS = "watch2 WatchKit Extension/watch2 WatchKit Extension.entitlements";
				CODE_SIGN_IDENTITY = "iPhone Developer";
				"CODE_SIGN_IDENTITY[sdk=watchos*]" = "iPhone Developer";
				INFOPLIST_FILE = "watch2 WatchKit Extension/Info.plist";
				LD_RUNPATH_SEARCH_PATHS = "$(inherited) @executable_path/Frameworks @executable_path/../../Frameworks";
				PRODUCT_BUNDLE_IDENTIFIER = com.JFingert.watch2.watchkitapp.watchkitextension;
				PRODUCT_NAME = "${TARGET_NAME}";
				PROVISIONING_PROFILE = "";
				SDKROOT = watchos;
				SKIP_INSTALL = YES;
				TARGETED_DEVICE_FAMILY = 4;
				WATCHOS_DEPLOYMENT_TARGET = 2.0;
			};
			name = Debug;
		};
		27C95EA21B3A03D80067F797 /* Release */ = {
			isa = XCBuildConfiguration;
			buildSettings = {
				ASSETCATALOG_COMPILER_COMPLICATION_NAME = Complication;
				CODE_SIGN_ENTITLEMENTS = "watch2 WatchKit Extension/watch2 WatchKit Extension.entitlements";
				CODE_SIGN_IDENTITY = "iPhone Developer";
				"CODE_SIGN_IDENTITY[sdk=watchos*]" = "iPhone Developer";
				INFOPLIST_FILE = "watch2 WatchKit Extension/Info.plist";
				LD_RUNPATH_SEARCH_PATHS = "$(inherited) @executable_path/Frameworks @executable_path/../../Frameworks";
				PRODUCT_BUNDLE_IDENTIFIER = com.JFingert.watch2.watchkitapp.watchkitextension;
				PRODUCT_NAME = "${TARGET_NAME}";
				PROVISIONING_PROFILE = "";
				SDKROOT = watchos;
				SKIP_INSTALL = YES;
				TARGETED_DEVICE_FAMILY = 4;
				WATCHOS_DEPLOYMENT_TARGET = 2.0;
			};
			name = Release;
		};
		27C95EA51B3A03D80067F797 /* Debug */ = {
			isa = XCBuildConfiguration;
			buildSettings = {
				ASSETCATALOG_COMPILER_APPICON_NAME = AppIcon;
				CODE_SIGN_ENTITLEMENTS = "watch2 WatchKit App/watch2 WatchKit App.entitlements";
				CODE_SIGN_IDENTITY = "iPhone Developer";
				"CODE_SIGN_IDENTITY[sdk=watchos*]" = "iPhone Developer";
				IBSC_MODULE = watch2_WatchKit_Extension;
				INFOPLIST_FILE = "watch2 WatchKit App/Info.plist";
				PRODUCT_BUNDLE_IDENTIFIER = com.JFingert.watch2.watchkitapp;
				PRODUCT_NAME = "$(TARGET_NAME)";
				PROVISIONING_PROFILE = "";
				SDKROOT = watchos;
				SKIP_INSTALL = YES;
				TARGETED_DEVICE_FAMILY = 4;
				WATCHOS_DEPLOYMENT_TARGET = 2.0;
			};
			name = Debug;
		};
		27C95EA61B3A03D80067F797 /* Release */ = {
			isa = XCBuildConfiguration;
			buildSettings = {
				ASSETCATALOG_COMPILER_APPICON_NAME = AppIcon;
				CODE_SIGN_ENTITLEMENTS = "watch2 WatchKit App/watch2 WatchKit App.entitlements";
				CODE_SIGN_IDENTITY = "iPhone Developer";
				"CODE_SIGN_IDENTITY[sdk=watchos*]" = "iPhone Developer";
				IBSC_MODULE = watch2_WatchKit_Extension;
				INFOPLIST_FILE = "watch2 WatchKit App/Info.plist";
				PRODUCT_BUNDLE_IDENTIFIER = com.JFingert.watch2.watchkitapp;
				PRODUCT_NAME = "$(TARGET_NAME)";
				PROVISIONING_PROFILE = "";
				SDKROOT = watchos;
				SKIP_INSTALL = YES;
				TARGETED_DEVICE_FAMILY = 4;
				WATCHOS_DEPLOYMENT_TARGET = 2.0;
			};
			name = Release;
		};
		27C95EA91B3A03D80067F797 /* Debug */ = {
			isa = XCBuildConfiguration;
			buildSettings = {
				ASSETCATALOG_COMPILER_APPICON_NAME = AppIcon;
				CODE_SIGN_ENTITLEMENTS = watch2/watch2.entitlements;
				CODE_SIGN_IDENTITY = "iPhone Developer";
				"CODE_SIGN_IDENTITY[sdk=iphoneos*]" = "iPhone Developer";
				INFOPLIST_FILE = watch2/Info.plist;
				LD_RUNPATH_SEARCH_PATHS = "$(inherited) @executable_path/Frameworks";
				PRODUCT_BUNDLE_IDENTIFIER = com.JFingert.watch2;
				PRODUCT_NAME = "$(TARGET_NAME)";
				PROVISIONING_PROFILE = "";
			};
			name = Debug;
		};
		27C95EAA1B3A03D80067F797 /* Release */ = {
			isa = XCBuildConfiguration;
			buildSettings = {
				ASSETCATALOG_COMPILER_APPICON_NAME = AppIcon;
				CODE_SIGN_ENTITLEMENTS = watch2/watch2.entitlements;
				CODE_SIGN_IDENTITY = "iPhone Developer";
				"CODE_SIGN_IDENTITY[sdk=iphoneos*]" = "iPhone Developer";
				INFOPLIST_FILE = watch2/Info.plist;
				LD_RUNPATH_SEARCH_PATHS = "$(inherited) @executable_path/Frameworks";
				PRODUCT_BUNDLE_IDENTIFIER = com.JFingert.watch2;
				PRODUCT_NAME = "$(TARGET_NAME)";
				PROVISIONING_PROFILE = "";
			};
			name = Release;
		};
		27C95EAC1B3A03D80067F797 /* Debug */ = {
			isa = XCBuildConfiguration;
			buildSettings = {
				BUNDLE_LOADER = "$(TEST_HOST)";
				INFOPLIST_FILE = watch2Tests/Info.plist;
				LD_RUNPATH_SEARCH_PATHS = "$(inherited) @executable_path/Frameworks @loader_path/Frameworks";
				PRODUCT_BUNDLE_IDENTIFIER = com.JFingert.watch2Tests;
				PRODUCT_NAME = "$(TARGET_NAME)";
				TEST_HOST = "$(BUILT_PRODUCTS_DIR)/watch2.app/watch2";
			};
			name = Debug;
		};
		27C95EAD1B3A03D80067F797 /* Release */ = {
			isa = XCBuildConfiguration;
			buildSettings = {
				BUNDLE_LOADER = "$(TEST_HOST)";
				INFOPLIST_FILE = watch2Tests/Info.plist;
				LD_RUNPATH_SEARCH_PATHS = "$(inherited) @executable_path/Frameworks @loader_path/Frameworks";
				PRODUCT_BUNDLE_IDENTIFIER = com.JFingert.watch2Tests;
				PRODUCT_NAME = "$(TARGET_NAME)";
				TEST_HOST = "$(BUILT_PRODUCTS_DIR)/watch2.app/watch2";
			};
			name = Release;
		};
		27C95EAF1B3A03D80067F797 /* Debug */ = {
			isa = XCBuildConfiguration;
			buildSettings = {
				INFOPLIST_FILE = watch2UITests/Info.plist;
				LD_RUNPATH_SEARCH_PATHS = "$(inherited) @executable_path/Frameworks @loader_path/Frameworks";
				PRODUCT_BUNDLE_IDENTIFIER = com.JFingert.watch2UITests;
				PRODUCT_NAME = "$(TARGET_NAME)";
				TEST_TARGET_NAME = watch2;
				USES_XCTRUNNER = YES;
			};
			name = Debug;
		};
		27C95EB01B3A03D80067F797 /* Release */ = {
			isa = XCBuildConfiguration;
			buildSettings = {
				INFOPLIST_FILE = watch2UITests/Info.plist;
				LD_RUNPATH_SEARCH_PATHS = "$(inherited) @executable_path/Frameworks @loader_path/Frameworks";
				PRODUCT_BUNDLE_IDENTIFIER = com.JFingert.watch2UITests;
				PRODUCT_NAME = "$(TARGET_NAME)";
				TEST_TARGET_NAME = watch2;
				USES_XCTRUNNER = YES;
			};
			name = Release;
		};
		27C95ECF1B3A1B200067F797 /* Debug */ = {
			isa = XCBuildConfiguration;
			buildSettings = {
				COMBINE_HIDPI_IMAGES = YES;
				CURRENT_PROJECT_VERSION = 1;
				DEFINES_MODULE = YES;
				DYLIB_COMPATIBILITY_VERSION = 1;
				DYLIB_CURRENT_VERSION = 1;
				DYLIB_INSTALL_NAME_BASE = "@rpath";
				FRAMEWORK_VERSION = A;
				INFOPLIST_FILE = publicData/Info.plist;
				INSTALL_PATH = "$(LOCAL_LIBRARY_DIR)/Frameworks";
				LD_RUNPATH_SEARCH_PATHS = "$(inherited) @executable_path/../Frameworks @loader_path/Frameworks";
				MACOSX_DEPLOYMENT_TARGET = 10.10;
				PRODUCT_BUNDLE_IDENTIFIER = com.JFingert.publicData;
				PRODUCT_NAME = "$(TARGET_NAME)";
				SDKROOT = macosx;
				SKIP_INSTALL = YES;
				VERSIONING_SYSTEM = "apple-generic";
				VERSION_INFO_PREFIX = "";
			};
			name = Debug;
		};
		27C95ED01B3A1B200067F797 /* Release */ = {
			isa = XCBuildConfiguration;
			buildSettings = {
				COMBINE_HIDPI_IMAGES = YES;
				CURRENT_PROJECT_VERSION = 1;
				DEFINES_MODULE = YES;
				DYLIB_COMPATIBILITY_VERSION = 1;
				DYLIB_CURRENT_VERSION = 1;
				DYLIB_INSTALL_NAME_BASE = "@rpath";
				FRAMEWORK_VERSION = A;
				INFOPLIST_FILE = publicData/Info.plist;
				INSTALL_PATH = "$(LOCAL_LIBRARY_DIR)/Frameworks";
				LD_RUNPATH_SEARCH_PATHS = "$(inherited) @executable_path/../Frameworks @loader_path/Frameworks";
				MACOSX_DEPLOYMENT_TARGET = 10.10;
				PRODUCT_BUNDLE_IDENTIFIER = com.JFingert.publicData;
				PRODUCT_NAME = "$(TARGET_NAME)";
				SDKROOT = macosx;
				SKIP_INSTALL = YES;
				VERSIONING_SYSTEM = "apple-generic";
				VERSION_INFO_PREFIX = "";
			};
			name = Release;
		};
		27C95ED21B3A1B200067F797 /* Debug */ = {
			isa = XCBuildConfiguration;
			buildSettings = {
				COMBINE_HIDPI_IMAGES = YES;
				INFOPLIST_FILE = publicDataTests/Info.plist;
				LD_RUNPATH_SEARCH_PATHS = "$(inherited) @executable_path/../Frameworks @loader_path/../Frameworks";
				MACOSX_DEPLOYMENT_TARGET = 10.10;
				PRODUCT_BUNDLE_IDENTIFIER = com.JFingert.publicDataTests;
				PRODUCT_NAME = "$(TARGET_NAME)";
				SDKROOT = macosx;
			};
			name = Debug;
		};
		27C95ED31B3A1B200067F797 /* Release */ = {
			isa = XCBuildConfiguration;
			buildSettings = {
				COMBINE_HIDPI_IMAGES = YES;
				INFOPLIST_FILE = publicDataTests/Info.plist;
				LD_RUNPATH_SEARCH_PATHS = "$(inherited) @executable_path/../Frameworks @loader_path/../Frameworks";
				MACOSX_DEPLOYMENT_TARGET = 10.10;
				PRODUCT_BUNDLE_IDENTIFIER = com.JFingert.publicDataTests;
				PRODUCT_NAME = "$(TARGET_NAME)";
				SDKROOT = macosx;
			};
			name = Release;
		};
/* End XCBuildConfiguration section */

/* Begin XCConfigurationList section */
		27C95E471B3A03D80067F797 /* Build configuration list for PBXProject "watch2" */ = {
			isa = XCConfigurationList;
			buildConfigurations = (
				27C95E9E1B3A03D80067F797 /* Debug */,
				27C95E9F1B3A03D80067F797 /* Release */,
			);
			defaultConfigurationIsVisible = 0;
			defaultConfigurationName = Release;
		};
		27C95EA01B3A03D80067F797 /* Build configuration list for PBXNativeTarget "watch2 WatchKit Extension" */ = {
			isa = XCConfigurationList;
			buildConfigurations = (
				27C95EA11B3A03D80067F797 /* Debug */,
				27C95EA21B3A03D80067F797 /* Release */,
			);
			defaultConfigurationIsVisible = 0;
			defaultConfigurationName = Release;
		};
		27C95EA41B3A03D80067F797 /* Build configuration list for PBXNativeTarget "watch2 WatchKit App" */ = {
			isa = XCConfigurationList;
			buildConfigurations = (
				27C95EA51B3A03D80067F797 /* Debug */,
				27C95EA61B3A03D80067F797 /* Release */,
			);
			defaultConfigurationIsVisible = 0;
			defaultConfigurationName = Release;
		};
		27C95EA81B3A03D80067F797 /* Build configuration list for PBXNativeTarget "watch2" */ = {
			isa = XCConfigurationList;
			buildConfigurations = (
				27C95EA91B3A03D80067F797 /* Debug */,
				27C95EAA1B3A03D80067F797 /* Release */,
			);
			defaultConfigurationIsVisible = 0;
			defaultConfigurationName = Release;
		};
		27C95EAB1B3A03D80067F797 /* Build configuration list for PBXNativeTarget "watch2Tests" */ = {
			isa = XCConfigurationList;
			buildConfigurations = (
				27C95EAC1B3A03D80067F797 /* Debug */,
				27C95EAD1B3A03D80067F797 /* Release */,
			);
			defaultConfigurationIsVisible = 0;
			defaultConfigurationName = Release;
		};
		27C95EAE1B3A03D80067F797 /* Build configuration list for PBXNativeTarget "watch2UITests" */ = {
			isa = XCConfigurationList;
			buildConfigurations = (
				27C95EAF1B3A03D80067F797 /* Debug */,
				27C95EB01B3A03D80067F797 /* Release */,
			);
			defaultConfigurationIsVisible = 0;
			defaultConfigurationName = Release;
		};
		27C95ECE1B3A1B200067F797 /* Build configuration list for PBXNativeTarget "publicData" */ = {
			isa = XCConfigurationList;
			buildConfigurations = (
				27C95ECF1B3A1B200067F797 /* Debug */,
				27C95ED01B3A1B200067F797 /* Release */,
			);
			defaultConfigurationIsVisible = 0;
			defaultConfigurationName = Release;
		};
		27C95ED11B3A1B200067F797 /* Build configuration list for PBXNativeTarget "publicDataTests" */ = {
			isa = XCConfigurationList;
			buildConfigurations = (
				27C95ED21B3A1B200067F797 /* Debug */,
				27C95ED31B3A1B200067F797 /* Release */,
			);
			defaultConfigurationIsVisible = 0;
			defaultConfigurationName = Release;
		};
/* End XCConfigurationList section */

/* Begin XCVersionGroup section */
		27CA06AF1B45E2D600DEE90A /* DataModel.xcdatamodeld */ = {
			isa = XCVersionGroup;
			children = (
				27CA06B01B45E2D600DEE90A /* DataModel.xcdatamodel */,
			);
			currentVersion = 27CA06B01B45E2D600DEE90A /* DataModel.xcdatamodel */;
			name = DataModel.xcdatamodeld;
			path = ../DataModel.xcdatamodeld;
			sourceTree = "<group>";
			versionGroupType = wrapper.xcdatamodel;
		};
/* End XCVersionGroup section */
	};
	rootObject = 27C95E441B3A03D80067F797 /* Project object */;
}
